
Microsoft Visual Studio Solution File, Format Version 12.00
# Visual Studio Version 17
VisualStudioVersion = 17.3.32804.467
MinimumVisualStudioVersion = 10.0.40219.1
Project("{8BC9CEB8-8B4A-11D0-8D11-00A0C91BC942}") = "Tutorial2", "Tutorial2.vcxproj", "{795EFB80-A8E3-4C4F-9279-1226CF0409EF}"
EndProject
Global
	GlobalSection(SolutionConfigurationPlatforms) = preSolution
		Debug|x64 = Debug|x64
		Debug|x86 = Debug|x86
		Release|x64 = Release|x64
		Release|x86 = Release|x86
	EndGlobalSection
	GlobalSection(ProjectConfigurationPlatforms) = postSolution
		{795EFB80-A8E3-4C4F-9279-1226CF0409EF}.Debug|x64.ActiveCfg = Debug|x64
		{795EFB80-A8E3-4C4F-9279-1226CF0409EF}.Debug|x64.Build.0 = Debug|x64
		{795EFB80-A8E3-4C4F-9279-1226CF0409EF}.Debug|x86.ActiveCfg = Debug|Win32
		{795EFB80-A8E3-4C4F-9279-1226CF0409EF}.Debug|x86.Build.0 = Debug|Win32
		{795EFB80-A8E3-4C4F-9279-1226CF0409EF}.Release|x64.ActiveCfg = Release|x64
		{795EFB80-A8E3-4C4F-9279-1226CF0409EF}.Release|x64.Build.0 = Release|x64
		{795EFB80-A8E3-4C4F-9279-1226CF0409EF}.Release|x86.ActiveCfg = Release|Win32
		{795EFB80-A8E3-4C4F-9279-1226CF0409EF}.Release|x86.Build.0 = Release|Win32
	EndGlobalSection
	GlobalSection(SolutionProperties) = preSolution
		HideSolutionNode = FALSE
	EndGlobalSection
	GlobalSection(ExtensibilityGlobals) = postSolution
		SolutionGuid = {8B32A454-3E51-42D0-A928-DFB0A53DF1C0}
	EndGlobalSection
EndGlobal
